{"1.1.0",
[{<<"certifi">>,{pkg,<<"certifi">>,<<"0.7.0">>},2},
 {<<"cowboy">>,
  {git,"https://github.com/extend/cowboy",
       {ref,"90ae31998e8d0887b9efe4b441136ac047708bb9"}},
  2},
 {<<"cowlib">>,
  {git,"https://github.com/ninenines/cowlib.git",
       {ref,"14e597baa42a436469f99661ed7994685e269dc2"}},
  2},
 {<<"enotify">>,{pkg,<<"enotify">>,<<"0.1.0">>},3},
 {<<"eper">>,{pkg,<<"eper">>,<<"0.94.0">>},3},
 {<<"goldrush">>,{pkg,<<"goldrush">>,<<"0.1.9">>},4},
 {<<"gun">>,
  {git,"https://github.com/ninenines/gun.git",
       {ref,"427230d6f94f5b8a396fd504a73d73d1d65ab0a7"}},
  2},
 {<<"hackney">>,{pkg,<<"hackney">>,<<"1.6.5">>},1},
 {<<"idna">>,{pkg,<<"idna">>,<<"1.2.0">>},2},
 {<<"jiffy">>,{pkg,<<"jiffy">>,<<"0.14.11">>},3},
 {<<"jsx">>,{pkg,<<"jsx">>,<<"2.8.2">>},3},
 {<<"lager">>,{pkg,<<"lager">>,<<"3.2.4">>},3},
 {<<"luerl">>,
  {git,"https://github.com/rvirding/luerl.git",
       {ref,"cae4b1ad14453ea10b477d8c278a194bad8940ac"}},
  1},
 {<<"meck">>,{pkg,<<"meck">>,<<"0.8.4">>},3},
 {<<"metrics">>,{pkg,<<"metrics">>,<<"1.0.1">>},2},
 {<<"mimerl">>,{pkg,<<"mimerl">>,<<"1.0.2">>},2},
 {<<"nklib">>,
  {git,"https://github.com/netcomposer/nklib.git",
       {ref,"cc429162fa8b270db9da59e599e9ac3f2c007819"}},
  2},
 {<<"nkpacket">>,
  {git,"http://github.com/nekso/nkpacket",
       {ref,"10241e3c02b39cc5413d26f33d981435ecb62351"}},
  1},
 {<<"nkservice">>,
  {git,"https://github.com/netcomposer/nkservice.git",
       {ref,"2b0272365c0b61afd917e8d255d98210e8c9aed5"}},
  0},
 {<<"ranch">>,
  {git,"https://github.com/ninenines/ranch.git",
       {ref,"741bfb73ca663394ecf7a73410506d66f01985a6"}},
  2},
 {<<"recon">>,{pkg,<<"recon">>,<<"2.3.2">>},3},
 {<<"ssl_verify_fun">>,{pkg,<<"ssl_verify_fun">>,<<"1.1.1">>},2}]}.
[
{pkg_hash,[
 {<<"certifi">>, <<"861A57F3808F7EB0C2D1802AFEAAE0FA5DE813B0DF0979153CBAFCD853ABABAF">>},
 {<<"enotify">>, <<"F6BF33AA7BC4789D953087E48C6ADBC6D9682B6D67E4BC353C2FDB96C5AC5595">>},
 {<<"eper">>, <<"F5FB2DAA0DF8878748E1C598428EDA942A173E5121FF35C1D632129B84593A3A">>},
 {<<"goldrush">>, <<"F06E5D5F1277DA5C413E84D5A2924174182FB108DABB39D5EC548B27424CD106">>},
 {<<"hackney">>, <<"8C025EE397AC94A184B0743C73B33B96465E85F90A02E210E86DF6CBAFAA5065">>},
 {<<"idna">>, <<"AC62EE99DA068F43C50DC69ACF700E03A62A348360126260E87F2B54ECED86B2">>},
 {<<"jiffy">>, <<"919A87D491C5A6B5E3BBC27FAFEDC3A0761CA0B4C405394F121F582FD4E3F0E5">>},
 {<<"jsx">>, <<"7ACC7D785B5ABE8A6E9ADBDE926A24E481F29956DD8B4DF49E3E4E7BCC92A018">>},
 {<<"lager">>, <<"A6DEB74DAE7927F46BD13255268308EF03EB206EC784A94EAF7C1C0F3B811615">>},
 {<<"meck">>, <<"59CA1CD971372AA223138EFCF9B29475BDE299E1953046A0C727184790AB1520">>},
 {<<"metrics">>, <<"25F094DEA2CDA98213CECC3AEFF09E940299D950904393B2A29D191C346A8486">>},
 {<<"mimerl">>, <<"993F9B0E084083405ED8252B99460C4F0563E41729AB42D9074FD5E52439BE88">>},
 {<<"recon">>, <<"4444C879BE323B1B133EEC5241CB84BD3821EA194C740D75617E106BE4744318">>},
 {<<"ssl_verify_fun">>, <<"28A4D65B7F59893BC2C7DE786DEC1E1555BD742D336043FE644AE956C3497FBE">>}]}
].
